
Microsoft Visual Studio Solution File, Format Version 12.00
# Visual Studio Version 17
VisualStudioVersion = 17.1.32421.90
MinimumVisualStudioVersion = 10.0.40219.1
Project("{FAE04EC0-301F-11D3-BF4B-00C04F79EFBC}") = "ClienteSOAP", "ClienteSOAP\ClienteSOAP.csproj", "{183A7624-331C-4268-8496-FB74AE82BC95}"
EndProject
Global
	GlobalSection(SolutionConfigurationPlatforms) = preSolution
		Debug|Any CPU = Debug|Any CPU
		Release|Any CPU = Release|Any CPU
	EndGlobalSection
	GlobalSection(ProjectConfigurationPlatforms) = postSolution
		{183A7624-331C-4268-8496-FB74AE82BC95}.Debug|Any CPU.ActiveCfg = Debug|Any CPU
		{183A7624-331C-4268-8496-FB74AE82BC95}.Debug|Any CPU.Build.0 = Debug|Any CPU
		{183A7624-331C-4268-8496-FB74AE82BC95}.Release|Any CPU.ActiveCfg = Release|Any CPU
		{183A7624-331C-4268-8496-FB74AE82BC95}.Release|Any CPU.Build.0 = Release|Any CPU
	EndGlobalSection
	GlobalSection(SolutionProperties) = preSolution
		HideSolutionNode = FALSE
	EndGlobalSection
	GlobalSection(ExtensibilityGlobals) = postSolution
		SolutionGuid = {EFD06029-E8EF-42F8-BCBE-2F4856DE3967}
	EndGlobalSection
EndGlobal
